
Microsoft Visual Studio Solution File, Format Version 12.00
# Visual Studio Version 17
VisualStudioVersion = 17.0.31903.59
MinimumVisualStudioVersion = 10.0.40219.1
Project("{2150E333-8FDC-42A3-9474-1A3956D46DE8}") = "src", "src", "{827E0CD3-B72D-47B6-A68D-7590B98EB39B}"
EndProject
Project("{FAE04EC0-301F-11D3-BF4B-00C04F79EFBC}") = "SmartWallet.API", "src\SmartWallet.API\SmartWallet.API.csproj", "{4900F5CE-899A-44EE-A2FA-8B5C756FD3B7}"
EndProject
Project("{FAE04EC0-301F-11D3-BF4B-00C04F79EFBC}") = "SmartWallet.Application", "src\SmartWallet.Application\SmartWallet.Application.csproj", "{71994A16-29BA-4F27-9E7E-0E20401F622F}"
EndProject
Project("{FAE04EC0-301F-11D3-BF4B-00C04F79EFBC}") = "SmartWallet.Domain", "src\SmartWallet.Domain\SmartWallet.Domain.csproj", "{25AD901B-3B89-440F-B9D9-18BE88BC8D4C}"
EndProject
Project("{FAE04EC0-301F-11D3-BF4B-00C04F79EFBC}") = "SmartWallet.Infrastructure", "src\SmartWallet.Infrastructure\SmartWallet.Infrastructure.csproj", "{24543B5F-D744-4C1C-A32D-F4AE02DA2BAE}"
EndProject
Project("{2150E333-8FDC-42A3-9474-1A3956D46DE8}") = "Elementos de la solución", "Elementos de la solución", "{D107F4C8-89CC-BEA8-D3D7-CA6B7733353D}"
	ProjectSection(SolutionItems) = preProject
		.gitattributes = .gitattributes
		.gitignore = .gitignore
	EndProjectSection
EndProject
Project("{2150E333-8FDC-42A3-9474-1A3956D46DE8}") = "docs", "docs", "{02EA681E-C7D8-13C7-8484-4AC65E1B71E8}"
	ProjectSection(SolutionItems) = preProject
		docs\00-setup.md = docs\00-setup.md
		docs\01-architecture.md = docs\01-architecture.md
		docs\02-domain-base-model.md = docs\02-domain-base-model.md
		docs\03-dbcontext-setup.md = docs\03-dbcontext-setup.md
		docs\04-api-endpoints.md = docs\04-api-endpoints.md
		docs\05-authentication.md = docs\05-authentication.md
		docs\06-transaction-lifecycle.md = docs\06-transaction-lifecycle.md
		07-transaction-ledger-vertical.md = 07-transaction-ledger-vertical.md
		docs\08-user-management.md = docs\08-user-management.md
		09-wallet-management.md = 09-wallet-management.md
		docs\10-httpclient-polly.md = docs\10-httpclient-polly.md
		docs\changelog.md = docs\changelog.md
		docs\conventions.md = docs\conventions.md
		docs\environment.md = docs\environment.md
		docs\new-feature.md = docs\new-feature.md
		docs\references.md = docs\references.md
	EndProjectSection
EndProject
Project("{FAE04EC0-301F-11D3-BF4B-00C04F79EFBC}") = "Contracts", "src\Contracts\Contracts.csproj", "{F53FC076-A4F7-4B2D-8A4B-F86250E13E17}"
EndProject
Project("{2150E333-8FDC-42A3-9474-1A3956D46DE8}") = "Migrations Sqlite", "Migrations Sqlite", "{31E836A7-309A-4780-8330-563DA0984B46}"
	ProjectSection(SolutionItems) = preProject
		Migrations Sqlite\20251005204359_InitialCreate.cs = Migrations Sqlite\20251005204359_InitialCreate.cs
		Migrations Sqlite\20251005204359_InitialCreate.Designer.cs = Migrations Sqlite\20251005204359_InitialCreate.Designer.cs
		Migrations Sqlite\20251005214940_AddUserEntity.cs = Migrations Sqlite\20251005214940_AddUserEntity.cs
		Migrations Sqlite\20251005214940_AddUserEntity.Designer.cs = Migrations Sqlite\20251005214940_AddUserEntity.Designer.cs
		Migrations Sqlite\20251018155430_User Update and Transactions with Legder Refactor.cs = Migrations Sqlite\20251018155430_User Update and Transactions with Legder Refactor.cs
		Migrations Sqlite\20251018155430_User Update and Transactions with Legder Refactor.Designer.cs = Migrations Sqlite\20251018155430_User Update and Transactions with Legder Refactor.Designer.cs
		Migrations Sqlite\20251018222932_Rename-UserID-to-Id.cs = Migrations Sqlite\20251018222932_Rename-UserID-to-Id.cs
		Migrations Sqlite\20251018222932_Rename-UserID-to-Id.Designer.cs = Migrations Sqlite\20251018222932_Rename-UserID-to-Id.Designer.cs
		Migrations Sqlite\SmartWalletDbContextModelSnapshot.cs = Migrations Sqlite\SmartWalletDbContextModelSnapshot.cs
	EndProjectSection
EndProject
Global
	GlobalSection(SolutionConfigurationPlatforms) = preSolution
		Debug|Any CPU = Debug|Any CPU
		Debug|x64 = Debug|x64
		Debug|x86 = Debug|x86
		Release|Any CPU = Release|Any CPU
		Release|x64 = Release|x64
		Release|x86 = Release|x86
	EndGlobalSection
	GlobalSection(ProjectConfigurationPlatforms) = postSolution
		{4900F5CE-899A-44EE-A2FA-8B5C756FD3B7}.Debug|Any CPU.ActiveCfg = Debug|Any CPU
		{4900F5CE-899A-44EE-A2FA-8B5C756FD3B7}.Debug|Any CPU.Build.0 = Debug|Any CPU
		{4900F5CE-899A-44EE-A2FA-8B5C756FD3B7}.Debug|x64.ActiveCfg = Debug|Any CPU
		{4900F5CE-899A-44EE-A2FA-8B5C756FD3B7}.Debug|x64.Build.0 = Debug|Any CPU
		{4900F5CE-899A-44EE-A2FA-8B5C756FD3B7}.Debug|x86.ActiveCfg = Debug|Any CPU
		{4900F5CE-899A-44EE-A2FA-8B5C756FD3B7}.Debug|x86.Build.0 = Debug|Any CPU
		{4900F5CE-899A-44EE-A2FA-8B5C756FD3B7}.Release|Any CPU.ActiveCfg = Release|Any CPU
		{4900F5CE-899A-44EE-A2FA-8B5C756FD3B7}.Release|Any CPU.Build.0 = Release|Any CPU
		{4900F5CE-899A-44EE-A2FA-8B5C756FD3B7}.Release|x64.ActiveCfg = Release|Any CPU
		{4900F5CE-899A-44EE-A2FA-8B5C756FD3B7}.Release|x64.Build.0 = Release|Any CPU
		{4900F5CE-899A-44EE-A2FA-8B5C756FD3B7}.Release|x86.ActiveCfg = Release|Any CPU
		{4900F5CE-899A-44EE-A2FA-8B5C756FD3B7}.Release|x86.Build.0 = Release|Any CPU
		{71994A16-29BA-4F27-9E7E-0E20401F622F}.Debug|Any CPU.ActiveCfg = Debug|Any CPU
		{71994A16-29BA-4F27-9E7E-0E20401F622F}.Debug|Any CPU.Build.0 = Debug|Any CPU
		{71994A16-29BA-4F27-9E7E-0E20401F622F}.Debug|x64.ActiveCfg = Debug|Any CPU
		{71994A16-29BA-4F27-9E7E-0E20401F622F}.Debug|x64.Build.0 = Debug|Any CPU
		{71994A16-29BA-4F27-9E7E-0E20401F622F}.Debug|x86.ActiveCfg = Debug|Any CPU
		{71994A16-29BA-4F27-9E7E-0E20401F622F}.Debug|x86.Build.0 = Debug|Any CPU
		{71994A16-29BA-4F27-9E7E-0E20401F622F}.Release|Any CPU.ActiveCfg = Release|Any CPU
		{71994A16-29BA-4F27-9E7E-0E20401F622F}.Release|Any CPU.Build.0 = Release|Any CPU
		{71994A16-29BA-4F27-9E7E-0E20401F622F}.Release|x64.ActiveCfg = Release|Any CPU
		{71994A16-29BA-4F27-9E7E-0E20401F622F}.Release|x64.Build.0 = Release|Any CPU
		{71994A16-29BA-4F27-9E7E-0E20401F622F}.Release|x86.ActiveCfg = Release|Any CPU
		{71994A16-29BA-4F27-9E7E-0E20401F622F}.Release|x86.Build.0 = Release|Any CPU
		{25AD901B-3B89-440F-B9D9-18BE88BC8D4C}.Debug|Any CPU.ActiveCfg = Debug|Any CPU
		{25AD901B-3B89-440F-B9D9-18BE88BC8D4C}.Debug|Any CPU.Build.0 = Debug|Any CPU
		{25AD901B-3B89-440F-B9D9-18BE88BC8D4C}.Debug|x64.ActiveCfg = Debug|Any CPU
		{25AD901B-3B89-440F-B9D9-18BE88BC8D4C}.Debug|x64.Build.0 = Debug|Any CPU
		{25AD901B-3B89-440F-B9D9-18BE88BC8D4C}.Debug|x86.ActiveCfg = Debug|Any CPU
		{25AD901B-3B89-440F-B9D9-18BE88BC8D4C}.Debug|x86.Build.0 = Debug|Any CPU
		{25AD901B-3B89-440F-B9D9-18BE88BC8D4C}.Release|Any CPU.ActiveCfg = Release|Any CPU
		{25AD901B-3B89-440F-B9D9-18BE88BC8D4C}.Release|Any CPU.Build.0 = Release|Any CPU
		{25AD901B-3B89-440F-B9D9-18BE88BC8D4C}.Release|x64.ActiveCfg = Release|Any CPU
		{25AD901B-3B89-440F-B9D9-18BE88BC8D4C}.Release|x64.Build.0 = Release|Any CPU
		{25AD901B-3B89-440F-B9D9-18BE88BC8D4C}.Release|x86.ActiveCfg = Release|Any CPU
		{25AD901B-3B89-440F-B9D9-18BE88BC8D4C}.Release|x86.Build.0 = Release|Any CPU
		{24543B5F-D744-4C1C-A32D-F4AE02DA2BAE}.Debug|Any CPU.ActiveCfg = Debug|Any CPU
		{24543B5F-D744-4C1C-A32D-F4AE02DA2BAE}.Debug|Any CPU.Build.0 = Debug|Any CPU
		{24543B5F-D744-4C1C-A32D-F4AE02DA2BAE}.Debug|x64.ActiveCfg = Debug|Any CPU
		{24543B5F-D744-4C1C-A32D-F4AE02DA2BAE}.Debug|x64.Build.0 = Debug|Any CPU
		{24543B5F-D744-4C1C-A32D-F4AE02DA2BAE}.Debug|x86.ActiveCfg = Debug|Any CPU
		{24543B5F-D744-4C1C-A32D-F4AE02DA2BAE}.Debug|x86.Build.0 = Debug|Any CPU
		{24543B5F-D744-4C1C-A32D-F4AE02DA2BAE}.Release|Any CPU.ActiveCfg = Release|Any CPU
		{24543B5F-D744-4C1C-A32D-F4AE02DA2BAE}.Release|Any CPU.Build.0 = Release|Any CPU
		{24543B5F-D744-4C1C-A32D-F4AE02DA2BAE}.Release|x64.ActiveCfg = Release|Any CPU
		{24543B5F-D744-4C1C-A32D-F4AE02DA2BAE}.Release|x64.Build.0 = Release|Any CPU
		{24543B5F-D744-4C1C-A32D-F4AE02DA2BAE}.Release|x86.ActiveCfg = Release|Any CPU
		{24543B5F-D744-4C1C-A32D-F4AE02DA2BAE}.Release|x86.Build.0 = Release|Any CPU
		{F53FC076-A4F7-4B2D-8A4B-F86250E13E17}.Debug|Any CPU.ActiveCfg = Debug|Any CPU
		{F53FC076-A4F7-4B2D-8A4B-F86250E13E17}.Debug|Any CPU.Build.0 = Debug|Any CPU
		{F53FC076-A4F7-4B2D-8A4B-F86250E13E17}.Debug|x64.ActiveCfg = Debug|Any CPU
		{F53FC076-A4F7-4B2D-8A4B-F86250E13E17}.Debug|x64.Build.0 = Debug|Any CPU
		{F53FC076-A4F7-4B2D-8A4B-F86250E13E17}.Debug|x86.ActiveCfg = Debug|Any CPU
		{F53FC076-A4F7-4B2D-8A4B-F86250E13E17}.Debug|x86.Build.0 = Debug|Any CPU
		{F53FC076-A4F7-4B2D-8A4B-F86250E13E17}.Release|Any CPU.ActiveCfg = Release|Any CPU
		{F53FC076-A4F7-4B2D-8A4B-F86250E13E17}.Release|Any CPU.Build.0 = Release|Any CPU
		{F53FC076-A4F7-4B2D-8A4B-F86250E13E17}.Release|x64.ActiveCfg = Release|Any CPU
		{F53FC076-A4F7-4B2D-8A4B-F86250E13E17}.Release|x64.Build.0 = Release|Any CPU
		{F53FC076-A4F7-4B2D-8A4B-F86250E13E17}.Release|x86.ActiveCfg = Release|Any CPU
		{F53FC076-A4F7-4B2D-8A4B-F86250E13E17}.Release|x86.Build.0 = Release|Any CPU
	EndGlobalSection
	GlobalSection(SolutionProperties) = preSolution
		HideSolutionNode = FALSE
	EndGlobalSection
	GlobalSection(NestedProjects) = preSolution
		{4900F5CE-899A-44EE-A2FA-8B5C756FD3B7} = {827E0CD3-B72D-47B6-A68D-7590B98EB39B}
		{71994A16-29BA-4F27-9E7E-0E20401F622F} = {827E0CD3-B72D-47B6-A68D-7590B98EB39B}
		{25AD901B-3B89-440F-B9D9-18BE88BC8D4C} = {827E0CD3-B72D-47B6-A68D-7590B98EB39B}
		{24543B5F-D744-4C1C-A32D-F4AE02DA2BAE} = {827E0CD3-B72D-47B6-A68D-7590B98EB39B}
		{F53FC076-A4F7-4B2D-8A4B-F86250E13E17} = {827E0CD3-B72D-47B6-A68D-7590B98EB39B}
	EndGlobalSection
	GlobalSection(ExtensibilityGlobals) = postSolution
		SolutionGuid = {5B7973FA-539F-4172-951E-CC9560139090}
	EndGlobalSection
EndGlobal
